
Microsoft Visual Studio Solution File, Format Version 12.00
Project("{FAE04EC0-301F-11D3-BF4B-00C04F79EFBC}") = "API", "API\API.csproj", "{24CB5AE9-621B-4553-8B2C-6F1F5BA58AD5}"
EndProject
Project("{2150E333-8FDC-42A3-9474-1A3956D46DE8}") = "90_Test", "90_Test", "{0AE4F582-1A0E-47A2-A7EF-1211062A4039}"
EndProject
Project("{2150E333-8FDC-42A3-9474-1A3956D46DE8}") = "40_Core", "40_Core", "{1F203BB5-143F-4AD0-A821-6A811E2F4B8A}"
EndProject
Project("{2150E333-8FDC-42A3-9474-1A3956D46DE8}") = "10_Infrastructure", "10_Infrastructure", "{E9ECB09E-625D-4BE3-9A2F-AFE74F927430}"
EndProject
Project("{FAE04EC0-301F-11D3-BF4B-00C04F79EFBC}") = "DomainModel", "DomainModel\DomainModel.csproj", "{413276DE-4655-42E5-871C-5356C71DE97A}"
EndProject
Project("{FAE04EC0-301F-11D3-BF4B-00C04F79EFBC}") = "DomainService", "DomainService\DomainService.csproj", "{C147BE6B-4A8F-4A3F-A9F9-37DA1FC27077}"
EndProject
Project("{FAE04EC0-301F-11D3-BF4B-00C04F79EFBC}") = "ApplicationService", "ApplicationService\ApplicationService.csproj", "{6AB59BC0-25A7-43C6-9277-E0D3A0217B66}"
EndProject
Project("{FAE04EC0-301F-11D3-BF4B-00C04F79EFBC}") = "DataAccess", "DataAccess\DataAccess.csproj", "{D820D566-E7E0-4155-870D-207D18EE3CA5}"
EndProject
Project("{FAE04EC0-301F-11D3-BF4B-00C04F79EFBC}") = "CoreTest", "CoreTest\CoreTest.csproj", "{EC37D9B7-B6CA-4E81-B0CB-F67152F7171A}"
EndProject
Global
	GlobalSection(SolutionConfigurationPlatforms) = preSolution
		Debug|Any CPU = Debug|Any CPU
		Release|Any CPU = Release|Any CPU
	EndGlobalSection
	GlobalSection(ProjectConfigurationPlatforms) = postSolution
		{24CB5AE9-621B-4553-8B2C-6F1F5BA58AD5}.Debug|Any CPU.ActiveCfg = Debug|Any CPU
		{24CB5AE9-621B-4553-8B2C-6F1F5BA58AD5}.Debug|Any CPU.Build.0 = Debug|Any CPU
		{24CB5AE9-621B-4553-8B2C-6F1F5BA58AD5}.Release|Any CPU.ActiveCfg = Release|Any CPU
		{24CB5AE9-621B-4553-8B2C-6F1F5BA58AD5}.Release|Any CPU.Build.0 = Release|Any CPU
		{413276DE-4655-42E5-871C-5356C71DE97A}.Debug|Any CPU.ActiveCfg = Debug|Any CPU
		{413276DE-4655-42E5-871C-5356C71DE97A}.Debug|Any CPU.Build.0 = Debug|Any CPU
		{413276DE-4655-42E5-871C-5356C71DE97A}.Release|Any CPU.ActiveCfg = Release|Any CPU
		{413276DE-4655-42E5-871C-5356C71DE97A}.Release|Any CPU.Build.0 = Release|Any CPU
		{C147BE6B-4A8F-4A3F-A9F9-37DA1FC27077}.Debug|Any CPU.ActiveCfg = Debug|Any CPU
		{C147BE6B-4A8F-4A3F-A9F9-37DA1FC27077}.Debug|Any CPU.Build.0 = Debug|Any CPU
		{C147BE6B-4A8F-4A3F-A9F9-37DA1FC27077}.Release|Any CPU.ActiveCfg = Release|Any CPU
		{C147BE6B-4A8F-4A3F-A9F9-37DA1FC27077}.Release|Any CPU.Build.0 = Release|Any CPU
		{6AB59BC0-25A7-43C6-9277-E0D3A0217B66}.Debug|Any CPU.ActiveCfg = Debug|Any CPU
		{6AB59BC0-25A7-43C6-9277-E0D3A0217B66}.Debug|Any CPU.Build.0 = Debug|Any CPU
		{6AB59BC0-25A7-43C6-9277-E0D3A0217B66}.Release|Any CPU.ActiveCfg = Release|Any CPU
		{6AB59BC0-25A7-43C6-9277-E0D3A0217B66}.Release|Any CPU.Build.0 = Release|Any CPU
		{D820D566-E7E0-4155-870D-207D18EE3CA5}.Debug|Any CPU.ActiveCfg = Debug|Any CPU
		{D820D566-E7E0-4155-870D-207D18EE3CA5}.Debug|Any CPU.Build.0 = Debug|Any CPU
		{D820D566-E7E0-4155-870D-207D18EE3CA5}.Release|Any CPU.ActiveCfg = Release|Any CPU
		{D820D566-E7E0-4155-870D-207D18EE3CA5}.Release|Any CPU.Build.0 = Release|Any CPU
		{EC37D9B7-B6CA-4E81-B0CB-F67152F7171A}.Debug|Any CPU.ActiveCfg = Debug|Any CPU
		{EC37D9B7-B6CA-4E81-B0CB-F67152F7171A}.Debug|Any CPU.Build.0 = Debug|Any CPU
		{EC37D9B7-B6CA-4E81-B0CB-F67152F7171A}.Release|Any CPU.ActiveCfg = Release|Any CPU
		{EC37D9B7-B6CA-4E81-B0CB-F67152F7171A}.Release|Any CPU.Build.0 = Release|Any CPU
	EndGlobalSection
	GlobalSection(NestedProjects) = preSolution
		{24CB5AE9-621B-4553-8B2C-6F1F5BA58AD5} = {E9ECB09E-625D-4BE3-9A2F-AFE74F927430}
		{413276DE-4655-42E5-871C-5356C71DE97A} = {1F203BB5-143F-4AD0-A821-6A811E2F4B8A}
		{C147BE6B-4A8F-4A3F-A9F9-37DA1FC27077} = {1F203BB5-143F-4AD0-A821-6A811E2F4B8A}
		{6AB59BC0-25A7-43C6-9277-E0D3A0217B66} = {1F203BB5-143F-4AD0-A821-6A811E2F4B8A}
		{D820D566-E7E0-4155-870D-207D18EE3CA5} = {E9ECB09E-625D-4BE3-9A2F-AFE74F927430}
		{EC37D9B7-B6CA-4E81-B0CB-F67152F7171A} = {0AE4F582-1A0E-47A2-A7EF-1211062A4039}
	EndGlobalSection
EndGlobal
